
Microsoft Visual Studio Solution File, Format Version 12.00
# Visual Studio Version 17
VisualStudioVersion = 17.4.33403.182
MinimumVisualStudioVersion = 10.0.40219.1
Project("{FAE04EC0-301F-11D3-BF4B-00C04F79EFBC}") = "CitiSoft", "CitiSoft\CitiSoft.csproj", "{9ECE35AF-39DE-4136-A140-A69B8F4AD853}"
EndProject
Global
	GlobalSection(SolutionConfigurationPlatforms) = preSolution
		Debug|Any CPU = Debug|Any CPU
		Release|Any CPU = Release|Any CPU
	EndGlobalSection
	GlobalSection(ProjectConfigurationPlatforms) = postSolution
		{9ECE35AF-39DE-4136-A140-A69B8F4AD853}.Debug|Any CPU.ActiveCfg = Debug|Any CPU
		{9ECE35AF-39DE-4136-A140-A69B8F4AD853}.Debug|Any CPU.Build.0 = Debug|Any CPU
		{9ECE35AF-39DE-4136-A140-A69B8F4AD853}.Release|Any CPU.ActiveCfg = Release|Any CPU
		{9ECE35AF-39DE-4136-A140-A69B8F4AD853}.Release|Any CPU.Build.0 = Release|Any CPU
	EndGlobalSection
	GlobalSection(SolutionProperties) = preSolution
		HideSolutionNode = FALSE
	EndGlobalSection
	GlobalSection(ExtensibilityGlobals) = postSolution
		SolutionGuid = {EB7A6FB5-E91D-4F8B-B6BC-5D37C2AD6B18}
	EndGlobalSection
EndGlobal
